
Microsoft Visual Studio Solution File, Format Version 12.00
# Visual Studio Version 17
VisualStudioVersion = 17.4.33213.308
MinimumVisualStudioVersion = 10.0.40219.1
Project("{FAE04EC0-301F-11D3-BF4B-00C04F79EFBC}") = "PDC03_MODULE07.Android", "PDC03_MODULE07\PDC03_MODULE07.Android\PDC03_MODULE07.Android.csproj", "{6B6BC140-D4EB-4EAA-A086-07BB78741279}"
EndProject
Project("{FAE04EC0-301F-11D3-BF4B-00C04F79EFBC}") = "PDC03_MODULE07", "PDC03_MODULE07\PDC03_MODULE07\PDC03_MODULE07.csproj", "{23F1D14F-7DB5-4940-BD86-D3A873276BC5}"
EndProject
Global
	GlobalSection(SolutionConfigurationPlatforms) = preSolution
		Debug|Any CPU = Debug|Any CPU
		Release|Any CPU = Release|Any CPU
	EndGlobalSection
	GlobalSection(ProjectConfigurationPlatforms) = postSolution
		{6B6BC140-D4EB-4EAA-A086-07BB78741279}.Debug|Any CPU.ActiveCfg = Debug|Any CPU
		{6B6BC140-D4EB-4EAA-A086-07BB78741279}.Debug|Any CPU.Build.0 = Debug|Any CPU
		{6B6BC140-D4EB-4EAA-A086-07BB78741279}.Debug|Any CPU.Deploy.0 = Debug|Any CPU
		{6B6BC140-D4EB-4EAA-A086-07BB78741279}.Release|Any CPU.ActiveCfg = Release|Any CPU
		{6B6BC140-D4EB-4EAA-A086-07BB78741279}.Release|Any CPU.Build.0 = Release|Any CPU
		{6B6BC140-D4EB-4EAA-A086-07BB78741279}.Release|Any CPU.Deploy.0 = Release|Any CPU
		{23F1D14F-7DB5-4940-BD86-D3A873276BC5}.Debug|Any CPU.ActiveCfg = Debug|Any CPU
		{23F1D14F-7DB5-4940-BD86-D3A873276BC5}.Debug|Any CPU.Build.0 = Debug|Any CPU
		{23F1D14F-7DB5-4940-BD86-D3A873276BC5}.Debug|Any CPU.Deploy.0 = Debug|Any CPU
		{23F1D14F-7DB5-4940-BD86-D3A873276BC5}.Release|Any CPU.ActiveCfg = Release|Any CPU
		{23F1D14F-7DB5-4940-BD86-D3A873276BC5}.Release|Any CPU.Build.0 = Release|Any CPU
		{23F1D14F-7DB5-4940-BD86-D3A873276BC5}.Release|Any CPU.Deploy.0 = Release|Any CPU
	EndGlobalSection
	GlobalSection(SolutionProperties) = preSolution
		HideSolutionNode = FALSE
	EndGlobalSection
	GlobalSection(ExtensibilityGlobals) = postSolution
		SolutionGuid = {9661661F-E712-4B16-A34B-497206734D25}
	EndGlobalSection
EndGlobal
